
Microsoft Visual Studio Solution File, Format Version 12.00
# Visual Studio Version 17
VisualStudioVersion = 17.3.32825.248
MinimumVisualStudioVersion = 10.0.40219.1
Project("{778DAE3C-4631-46EA-AA77-85C1314464D9}") = "03_HelloWorld_WF", "03_HelloWorld_WF\03_HelloWorld_WF.vbproj", "{ACF6961D-B31E-4344-8AE9-444E7542ADA1}"
EndProject
Project("{9A19103F-16F7-4668-BE54-9A1E7A4F7556}") = "02_HelloWorld_WPF", "02_HelloWorld_WPF\02_HelloWorld_WPF.csproj", "{93C22006-3081-4502-9AFF-8CA47E52395A}"
EndProject
Project("{FAE04EC0-301F-11D3-BF4B-00C04F79EFBC}") = "03_HelloWorld_UWP", "03_HelloWorld_UWP\03_HelloWorld_UWP.csproj", "{3F477ED9-B63B-4655-BC7E-BC69E9A7BC5F}"
EndProject
Project("{9A19103F-16F7-4668-BE54-9A1E7A4F7556}") = "03_HelloWorld_EntidadesEstandar", "03_HelloWorld_EntidadesEstandar\03_HelloWorld_EntidadesEstandar.csproj", "{01E09032-AAD0-49A3-ABA9-3BF50FDA578E}"
EndProject
Project("{9A19103F-16F7-4668-BE54-9A1E7A4F7556}") = "03_HelloWorld_MAUI", "03_HelloWorld_MAUI\03_HelloWorld_MAUI\03_HelloWorld_MAUI.csproj", "{6CC4E463-67FC-4AC0-BAAF-92BDA67CC686}"
EndProject
Global
	GlobalSection(SolutionConfigurationPlatforms) = preSolution
		Debug|Any CPU = Debug|Any CPU
		Debug|ARM = Debug|ARM
		Debug|ARM64 = Debug|ARM64
		Debug|x64 = Debug|x64
		Debug|x86 = Debug|x86
		Release|Any CPU = Release|Any CPU
		Release|ARM = Release|ARM
		Release|ARM64 = Release|ARM64
		Release|x64 = Release|x64
		Release|x86 = Release|x86
	EndGlobalSection
	GlobalSection(ProjectConfigurationPlatforms) = postSolution
		{ACF6961D-B31E-4344-8AE9-444E7542ADA1}.Debug|Any CPU.ActiveCfg = Debug|Any CPU
		{ACF6961D-B31E-4344-8AE9-444E7542ADA1}.Debug|Any CPU.Build.0 = Debug|Any CPU
		{ACF6961D-B31E-4344-8AE9-444E7542ADA1}.Debug|ARM.ActiveCfg = Debug|Any CPU
		{ACF6961D-B31E-4344-8AE9-444E7542ADA1}.Debug|ARM.Build.0 = Debug|Any CPU
		{ACF6961D-B31E-4344-8AE9-444E7542ADA1}.Debug|ARM64.ActiveCfg = Debug|Any CPU
		{ACF6961D-B31E-4344-8AE9-444E7542ADA1}.Debug|ARM64.Build.0 = Debug|Any CPU
		{ACF6961D-B31E-4344-8AE9-444E7542ADA1}.Debug|x64.ActiveCfg = Debug|Any CPU
		{ACF6961D-B31E-4344-8AE9-444E7542ADA1}.Debug|x64.Build.0 = Debug|Any CPU
		{ACF6961D-B31E-4344-8AE9-444E7542ADA1}.Debug|x86.ActiveCfg = Debug|Any CPU
		{ACF6961D-B31E-4344-8AE9-444E7542ADA1}.Debug|x86.Build.0 = Debug|Any CPU
		{ACF6961D-B31E-4344-8AE9-444E7542ADA1}.Release|Any CPU.ActiveCfg = Release|Any CPU
		{ACF6961D-B31E-4344-8AE9-444E7542ADA1}.Release|Any CPU.Build.0 = Release|Any CPU
		{ACF6961D-B31E-4344-8AE9-444E7542ADA1}.Release|ARM.ActiveCfg = Release|Any CPU
		{ACF6961D-B31E-4344-8AE9-444E7542ADA1}.Release|ARM.Build.0 = Release|Any CPU
		{ACF6961D-B31E-4344-8AE9-444E7542ADA1}.Release|ARM64.ActiveCfg = Release|Any CPU
		{ACF6961D-B31E-4344-8AE9-444E7542ADA1}.Release|ARM64.Build.0 = Release|Any CPU
		{ACF6961D-B31E-4344-8AE9-444E7542ADA1}.Release|x64.ActiveCfg = Release|Any CPU
		{ACF6961D-B31E-4344-8AE9-444E7542ADA1}.Release|x64.Build.0 = Release|Any CPU
		{ACF6961D-B31E-4344-8AE9-444E7542ADA1}.Release|x86.ActiveCfg = Release|Any CPU
		{ACF6961D-B31E-4344-8AE9-444E7542ADA1}.Release|x86.Build.0 = Release|Any CPU
		{93C22006-3081-4502-9AFF-8CA47E52395A}.Debug|Any CPU.ActiveCfg = Debug|Any CPU
		{93C22006-3081-4502-9AFF-8CA47E52395A}.Debug|Any CPU.Build.0 = Debug|Any CPU
		{93C22006-3081-4502-9AFF-8CA47E52395A}.Debug|ARM.ActiveCfg = Debug|Any CPU
		{93C22006-3081-4502-9AFF-8CA47E52395A}.Debug|ARM.Build.0 = Debug|Any CPU
		{93C22006-3081-4502-9AFF-8CA47E52395A}.Debug|ARM64.ActiveCfg = Debug|Any CPU
		{93C22006-3081-4502-9AFF-8CA47E52395A}.Debug|ARM64.Build.0 = Debug|Any CPU
		{93C22006-3081-4502-9AFF-8CA47E52395A}.Debug|x64.ActiveCfg = Debug|Any CPU
		{93C22006-3081-4502-9AFF-8CA47E52395A}.Debug|x64.Build.0 = Debug|Any CPU
		{93C22006-3081-4502-9AFF-8CA47E52395A}.Debug|x86.ActiveCfg = Debug|Any CPU
		{93C22006-3081-4502-9AFF-8CA47E52395A}.Debug|x86.Build.0 = Debug|Any CPU
		{93C22006-3081-4502-9AFF-8CA47E52395A}.Release|Any CPU.ActiveCfg = Release|Any CPU
		{93C22006-3081-4502-9AFF-8CA47E52395A}.Release|Any CPU.Build.0 = Release|Any CPU
		{93C22006-3081-4502-9AFF-8CA47E52395A}.Release|ARM.ActiveCfg = Release|Any CPU
		{93C22006-3081-4502-9AFF-8CA47E52395A}.Release|ARM.Build.0 = Release|Any CPU
		{93C22006-3081-4502-9AFF-8CA47E52395A}.Release|ARM64.ActiveCfg = Release|Any CPU
		{93C22006-3081-4502-9AFF-8CA47E52395A}.Release|ARM64.Build.0 = Release|Any CPU
		{93C22006-3081-4502-9AFF-8CA47E52395A}.Release|x64.ActiveCfg = Release|Any CPU
		{93C22006-3081-4502-9AFF-8CA47E52395A}.Release|x64.Build.0 = Release|Any CPU
		{93C22006-3081-4502-9AFF-8CA47E52395A}.Release|x86.ActiveCfg = Release|Any CPU
		{93C22006-3081-4502-9AFF-8CA47E52395A}.Release|x86.Build.0 = Release|Any CPU
		{3F477ED9-B63B-4655-BC7E-BC69E9A7BC5F}.Debug|Any CPU.ActiveCfg = Debug|x64
		{3F477ED9-B63B-4655-BC7E-BC69E9A7BC5F}.Debug|Any CPU.Build.0 = Debug|x64
		{3F477ED9-B63B-4655-BC7E-BC69E9A7BC5F}.Debug|Any CPU.Deploy.0 = Debug|x64
		{3F477ED9-B63B-4655-BC7E-BC69E9A7BC5F}.Debug|ARM.ActiveCfg = Debug|ARM
		{3F477ED9-B63B-4655-BC7E-BC69E9A7BC5F}.Debug|ARM.Build.0 = Debug|ARM
		{3F477ED9-B63B-4655-BC7E-BC69E9A7BC5F}.Debug|ARM.Deploy.0 = Debug|ARM
		{3F477ED9-B63B-4655-BC7E-BC69E9A7BC5F}.Debug|ARM64.ActiveCfg = Debug|ARM64
		{3F477ED9-B63B-4655-BC7E-BC69E9A7BC5F}.Debug|ARM64.Build.0 = Debug|ARM64
		{3F477ED9-B63B-4655-BC7E-BC69E9A7BC5F}.Debug|ARM64.Deploy.0 = Debug|ARM64
		{3F477ED9-B63B-4655-BC7E-BC69E9A7BC5F}.Debug|x64.ActiveCfg = Debug|x64
		{3F477ED9-B63B-4655-BC7E-BC69E9A7BC5F}.Debug|x64.Build.0 = Debug|x64
		{3F477ED9-B63B-4655-BC7E-BC69E9A7BC5F}.Debug|x64.Deploy.0 = Debug|x64
		{3F477ED9-B63B-4655-BC7E-BC69E9A7BC5F}.Debug|x86.ActiveCfg = Debug|x86
		{3F477ED9-B63B-4655-BC7E-BC69E9A7BC5F}.Debug|x86.Build.0 = Debug|x86
		{3F477ED9-B63B-4655-BC7E-BC69E9A7BC5F}.Debug|x86.Deploy.0 = Debug|x86
		{3F477ED9-B63B-4655-BC7E-BC69E9A7BC5F}.Release|Any CPU.ActiveCfg = Release|x64
		{3F477ED9-B63B-4655-BC7E-BC69E9A7BC5F}.Release|Any CPU.Build.0 = Release|x64
		{3F477ED9-B63B-4655-BC7E-BC69E9A7BC5F}.Release|Any CPU.Deploy.0 = Release|x64
		{3F477ED9-B63B-4655-BC7E-BC69E9A7BC5F}.Release|ARM.ActiveCfg = Release|ARM
		{3F477ED9-B63B-4655-BC7E-BC69E9A7BC5F}.Release|ARM.Build.0 = Release|ARM
		{3F477ED9-B63B-4655-BC7E-BC69E9A7BC5F}.Release|ARM.Deploy.0 = Release|ARM
		{3F477ED9-B63B-4655-BC7E-BC69E9A7BC5F}.Release|ARM64.ActiveCfg = Release|ARM64
		{3F477ED9-B63B-4655-BC7E-BC69E9A7BC5F}.Release|ARM64.Build.0 = Release|ARM64
		{3F477ED9-B63B-4655-BC7E-BC69E9A7BC5F}.Release|ARM64.Deploy.0 = Release|ARM64
		{3F477ED9-B63B-4655-BC7E-BC69E9A7BC5F}.Release|x64.ActiveCfg = Release|x64
		{3F477ED9-B63B-4655-BC7E-BC69E9A7BC5F}.Release|x64.Build.0 = Release|x64
		{3F477ED9-B63B-4655-BC7E-BC69E9A7BC5F}.Release|x64.Deploy.0 = Release|x64
		{3F477ED9-B63B-4655-BC7E-BC69E9A7BC5F}.Release|x86.ActiveCfg = Release|x86
		{3F477ED9-B63B-4655-BC7E-BC69E9A7BC5F}.Release|x86.Build.0 = Release|x86
		{3F477ED9-B63B-4655-BC7E-BC69E9A7BC5F}.Release|x86.Deploy.0 = Release|x86
		{01E09032-AAD0-49A3-ABA9-3BF50FDA578E}.Debug|Any CPU.ActiveCfg = Debug|Any CPU
		{01E09032-AAD0-49A3-ABA9-3BF50FDA578E}.Debug|Any CPU.Build.0 = Debug|Any CPU
		{01E09032-AAD0-49A3-ABA9-3BF50FDA578E}.Debug|ARM.ActiveCfg = Debug|Any CPU
		{01E09032-AAD0-49A3-ABA9-3BF50FDA578E}.Debug|ARM.Build.0 = Debug|Any CPU
		{01E09032-AAD0-49A3-ABA9-3BF50FDA578E}.Debug|ARM64.ActiveCfg = Debug|Any CPU
		{01E09032-AAD0-49A3-ABA9-3BF50FDA578E}.Debug|ARM64.Build.0 = Debug|Any CPU
		{01E09032-AAD0-49A3-ABA9-3BF50FDA578E}.Debug|x64.ActiveCfg = Debug|Any CPU
		{01E09032-AAD0-49A3-ABA9-3BF50FDA578E}.Debug|x64.Build.0 = Debug|Any CPU
		{01E09032-AAD0-49A3-ABA9-3BF50FDA578E}.Debug|x86.ActiveCfg = Debug|Any CPU
		{01E09032-AAD0-49A3-ABA9-3BF50FDA578E}.Debug|x86.Build.0 = Debug|Any CPU
		{01E09032-AAD0-49A3-ABA9-3BF50FDA578E}.Release|Any CPU.ActiveCfg = Release|Any CPU
		{01E09032-AAD0-49A3-ABA9-3BF50FDA578E}.Release|Any CPU.Build.0 = Release|Any CPU
		{01E09032-AAD0-49A3-ABA9-3BF50FDA578E}.Release|ARM.ActiveCfg = Release|Any CPU
		{01E09032-AAD0-49A3-ABA9-3BF50FDA578E}.Release|ARM.Build.0 = Release|Any CPU
		{01E09032-AAD0-49A3-ABA9-3BF50FDA578E}.Release|ARM64.ActiveCfg = Release|Any CPU
		{01E09032-AAD0-49A3-ABA9-3BF50FDA578E}.Release|ARM64.Build.0 = Release|Any CPU
		{01E09032-AAD0-49A3-ABA9-3BF50FDA578E}.Release|x64.ActiveCfg = Release|Any CPU
		{01E09032-AAD0-49A3-ABA9-3BF50FDA578E}.Release|x64.Build.0 = Release|Any CPU
		{01E09032-AAD0-49A3-ABA9-3BF50FDA578E}.Release|x86.ActiveCfg = Release|Any CPU
		{01E09032-AAD0-49A3-ABA9-3BF50FDA578E}.Release|x86.Build.0 = Release|Any CPU
		{6CC4E463-67FC-4AC0-BAAF-92BDA67CC686}.Debug|Any CPU.ActiveCfg = Debug|Any CPU
		{6CC4E463-67FC-4AC0-BAAF-92BDA67CC686}.Debug|Any CPU.Build.0 = Debug|Any CPU
		{6CC4E463-67FC-4AC0-BAAF-92BDA67CC686}.Debug|Any CPU.Deploy.0 = Debug|Any CPU
		{6CC4E463-67FC-4AC0-BAAF-92BDA67CC686}.Debug|ARM.ActiveCfg = Debug|Any CPU
		{6CC4E463-67FC-4AC0-BAAF-92BDA67CC686}.Debug|ARM.Build.0 = Debug|Any CPU
		{6CC4E463-67FC-4AC0-BAAF-92BDA67CC686}.Debug|ARM.Deploy.0 = Debug|Any CPU
		{6CC4E463-67FC-4AC0-BAAF-92BDA67CC686}.Debug|ARM64.ActiveCfg = Debug|Any CPU
		{6CC4E463-67FC-4AC0-BAAF-92BDA67CC686}.Debug|ARM64.Build.0 = Debug|Any CPU
		{6CC4E463-67FC-4AC0-BAAF-92BDA67CC686}.Debug|ARM64.Deploy.0 = Debug|Any CPU
		{6CC4E463-67FC-4AC0-BAAF-92BDA67CC686}.Debug|x64.ActiveCfg = Debug|Any CPU
		{6CC4E463-67FC-4AC0-BAAF-92BDA67CC686}.Debug|x64.Build.0 = Debug|Any CPU
		{6CC4E463-67FC-4AC0-BAAF-92BDA67CC686}.Debug|x64.Deploy.0 = Debug|Any CPU
		{6CC4E463-67FC-4AC0-BAAF-92BDA67CC686}.Debug|x86.ActiveCfg = Debug|Any CPU
		{6CC4E463-67FC-4AC0-BAAF-92BDA67CC686}.Debug|x86.Build.0 = Debug|Any CPU
		{6CC4E463-67FC-4AC0-BAAF-92BDA67CC686}.Debug|x86.Deploy.0 = Debug|Any CPU
		{6CC4E463-67FC-4AC0-BAAF-92BDA67CC686}.Release|Any CPU.ActiveCfg = Release|Any CPU
		{6CC4E463-67FC-4AC0-BAAF-92BDA67CC686}.Release|Any CPU.Build.0 = Release|Any CPU
		{6CC4E463-67FC-4AC0-BAAF-92BDA67CC686}.Release|Any CPU.Deploy.0 = Release|Any CPU
		{6CC4E463-67FC-4AC0-BAAF-92BDA67CC686}.Release|ARM.ActiveCfg = Release|Any CPU
		{6CC4E463-67FC-4AC0-BAAF-92BDA67CC686}.Release|ARM.Build.0 = Release|Any CPU
		{6CC4E463-67FC-4AC0-BAAF-92BDA67CC686}.Release|ARM.Deploy.0 = Release|Any CPU
		{6CC4E463-67FC-4AC0-BAAF-92BDA67CC686}.Release|ARM64.ActiveCfg = Release|Any CPU
		{6CC4E463-67FC-4AC0-BAAF-92BDA67CC686}.Release|ARM64.Build.0 = Release|Any CPU
		{6CC4E463-67FC-4AC0-BAAF-92BDA67CC686}.Release|ARM64.Deploy.0 = Release|Any CPU
		{6CC4E463-67FC-4AC0-BAAF-92BDA67CC686}.Release|x64.ActiveCfg = Release|Any CPU
		{6CC4E463-67FC-4AC0-BAAF-92BDA67CC686}.Release|x64.Build.0 = Release|Any CPU
		{6CC4E463-67FC-4AC0-BAAF-92BDA67CC686}.Release|x64.Deploy.0 = Release|Any CPU
		{6CC4E463-67FC-4AC0-BAAF-92BDA67CC686}.Release|x86.ActiveCfg = Release|Any CPU
		{6CC4E463-67FC-4AC0-BAAF-92BDA67CC686}.Release|x86.Build.0 = Release|Any CPU
		{6CC4E463-67FC-4AC0-BAAF-92BDA67CC686}.Release|x86.Deploy.0 = Release|Any CPU
	EndGlobalSection
	GlobalSection(SolutionProperties) = preSolution
		HideSolutionNode = FALSE
	EndGlobalSection
	GlobalSection(ExtensibilityGlobals) = postSolution
		SolutionGuid = {A6A1FD5E-85E9-4659-9269-E50DC6BC041E}
	EndGlobalSection
EndGlobal
