
Microsoft Visual Studio Solution File, Format Version 12.00
# Visual Studio Version 17
VisualStudioVersion = 17.0.31611.283
MinimumVisualStudioVersion = 10.0.40219.1
Project("{9A19103F-16F7-4668-BE54-9A1E7A4F7556}") = "05_Binding_MAUI", "05_Binding_MAUI\05_Binding_MAUI.csproj", "{5489B51F-478D-4B18-B6CA-EA1912DD2641}"
EndProject
Project("{FAE04EC0-301F-11D3-BF4B-00C04F79EFBC}") = "05_Calendario_MAUI", "05_Calendario_MAUI\05_Calendario_MAUI.csproj", "{0686D6FE-8632-415C-8A15-14E37DE129AA}"
EndProject
Global
	GlobalSection(SolutionConfigurationPlatforms) = preSolution
		Debug|Any CPU = Debug|Any CPU
		Release|Any CPU = Release|Any CPU
	EndGlobalSection
	GlobalSection(ProjectConfigurationPlatforms) = postSolution
		{5489B51F-478D-4B18-B6CA-EA1912DD2641}.Debug|Any CPU.ActiveCfg = Debug|Any CPU
		{5489B51F-478D-4B18-B6CA-EA1912DD2641}.Debug|Any CPU.Build.0 = Debug|Any CPU
		{5489B51F-478D-4B18-B6CA-EA1912DD2641}.Debug|Any CPU.Deploy.0 = Debug|Any CPU
		{5489B51F-478D-4B18-B6CA-EA1912DD2641}.Release|Any CPU.ActiveCfg = Release|Any CPU
		{5489B51F-478D-4B18-B6CA-EA1912DD2641}.Release|Any CPU.Build.0 = Release|Any CPU
		{5489B51F-478D-4B18-B6CA-EA1912DD2641}.Release|Any CPU.Deploy.0 = Release|Any CPU
		{0686D6FE-8632-415C-8A15-14E37DE129AA}.Debug|Any CPU.ActiveCfg = Debug|Any CPU
		{0686D6FE-8632-415C-8A15-14E37DE129AA}.Debug|Any CPU.Build.0 = Debug|Any CPU
		{0686D6FE-8632-415C-8A15-14E37DE129AA}.Debug|Any CPU.Deploy.0 = Debug|Any CPU
		{0686D6FE-8632-415C-8A15-14E37DE129AA}.Release|Any CPU.ActiveCfg = Release|Any CPU
		{0686D6FE-8632-415C-8A15-14E37DE129AA}.Release|Any CPU.Build.0 = Release|Any CPU
		{0686D6FE-8632-415C-8A15-14E37DE129AA}.Release|Any CPU.Deploy.0 = Release|Any CPU
	EndGlobalSection
	GlobalSection(SolutionProperties) = preSolution
		HideSolutionNode = FALSE
	EndGlobalSection
	GlobalSection(ExtensibilityGlobals) = postSolution
		SolutionGuid = {61F7FB11-1E47-470C-91E2-47F8143E1572}
	EndGlobalSection
EndGlobal
